
Microsoft Visual Studio Solution File, Format Version 12.00
# Visual Studio Version 16
VisualStudioVersion = 16.0.29020.237
MinimumVisualStudioVersion = 10.0.40219.1
Project("{9A19103F-16F7-4668-BE54-9A1E7A4F7556}") = "RegexTesterBlazorClientSide", "RegexTesterBlazorClientSide\RegexTesterBlazorClientSide.csproj", "{8BAF7E76-6710-4445-A82C-06AFC8E13053}"
EndProject
Project("{FAE04EC0-301F-11D3-BF4B-00C04F79EFBC}") = "RegexUtilsTests", "RegexUtilsTests\RegexUtilsTests.csproj", "{2FE8656A-8E2F-4081-B5AB-CA27CC65A4A1}"
EndProject
Global
	GlobalSection(SolutionConfigurationPlatforms) = preSolution
		Debug|Any CPU = Debug|Any CPU
		Release|Any CPU = Release|Any CPU
	EndGlobalSection
	GlobalSection(ProjectConfigurationPlatforms) = postSolution
		{8BAF7E76-6710-4445-A82C-06AFC8E13053}.Debug|Any CPU.ActiveCfg = Debug|Any CPU
		{8BAF7E76-6710-4445-A82C-06AFC8E13053}.Debug|Any CPU.Build.0 = Debug|Any CPU
		{8BAF7E76-6710-4445-A82C-06AFC8E13053}.Release|Any CPU.ActiveCfg = Release|Any CPU
		{8BAF7E76-6710-4445-A82C-06AFC8E13053}.Release|Any CPU.Build.0 = Release|Any CPU
		{2FE8656A-8E2F-4081-B5AB-CA27CC65A4A1}.Debug|Any CPU.ActiveCfg = Debug|Any CPU
		{2FE8656A-8E2F-4081-B5AB-CA27CC65A4A1}.Debug|Any CPU.Build.0 = Debug|Any CPU
		{2FE8656A-8E2F-4081-B5AB-CA27CC65A4A1}.Release|Any CPU.ActiveCfg = Release|Any CPU
		{2FE8656A-8E2F-4081-B5AB-CA27CC65A4A1}.Release|Any CPU.Build.0 = Release|Any CPU
	EndGlobalSection
	GlobalSection(SolutionProperties) = preSolution
		HideSolutionNode = FALSE
	EndGlobalSection
	GlobalSection(ExtensibilityGlobals) = postSolution
		SolutionGuid = {FDE80396-238E-482F-BDB7-6E0C2C573206}
	EndGlobalSection
EndGlobal
